// !$*UTF8*$!
{
	archiveVersion = 1;
	classes = {
	};
	objectVersion = 50;
	objects = {

/* Begin PBXBuildFile section */
		D465CF7F21F6025F0054A4B2 /* AppDelegate.swift in Sources */ = {isa = PBXBuildFile; fileRef = D465CF7E21F6025F0054A4B2 /* AppDelegate.swift */; };
		D465CF8121F6025F0054A4B2 /* ViewController.swift in Sources */ = {isa = PBXBuildFile; fileRef = D465CF8021F6025F0054A4B2 /* ViewController.swift */; };
		D465CF8421F6025F0054A4B2 /* Main.storyboard in Resources */ = {isa = PBXBuildFile; fileRef = D465CF8221F6025F0054A4B2 /* Main.storyboard */; };
		D465CF8621F602610054A4B2 /* Assets.xcassets in Resources */ = {isa = PBXBuildFile; fileRef = D465CF8521F602610054A4B2 /* Assets.xcassets */; };
		D465CF8921F602610054A4B2 /* LaunchScreen.storyboard in Resources */ = {isa = PBXBuildFile; fileRef = D465CF8721F602610054A4B2 /* LaunchScreen.storyboard */; };
		D465CF9421F602610054A4B2 /* PlayingCardsTests.swift in Sources */ = {isa = PBXBuildFile; fileRef = D465CF9321F602610054A4B2 /* PlayingCardsTests.swift */; };
		D465CF9F21F602610054A4B2 /* PlayingCardsUITests.swift in Sources */ = {isa = PBXBuildFile; fileRef = D465CF9E21F602610054A4B2 /* PlayingCardsUITests.swift */; };
/* End PBXBuildFile section */

/* Begin PBXContainerItemProxy section */
		D465CF9021F602610054A4B2 /* PBXContainerItemProxy */ = {
			isa = PBXContainerItemProxy;
			containerPortal = D465CF7321F6025F0054A4B2 /* Project object */;
			proxyType = 1;
			remoteGlobalIDString = D465CF7A21F6025F0054A4B2;
			remoteInfo = PlayingCards;
		};
		D465CF9B21F602610054A4B2 /* PBXContainerItemProxy */ = {
			isa = PBXContainerItemProxy;
			containerPortal = D465CF7321F6025F0054A4B2 /* Project object */;
			proxyType = 1;
			remoteGlobalIDString = D465CF7A21F6025F0054A4B2;
			remoteInfo = PlayingCards;
		};
/* End PBXContainerItemProxy section */

/* Begin PBXFileReference section */
		D465CF7B21F6025F0054A4B2 /* PlayingCards.app */ = {isa = PBXFileReference; explicitFileType = wrapper.application; includeInIndex = 0; path = PlayingCards.app; sourceTree = BUILT_PRODUCTS_DIR; };
		D465CF7E21F6025F0054A4B2 /* AppDelegate.swift */ = {isa = PBXFileReference; lastKnownFileType = sourcecode.swift; path = AppDelegate.swift; sourceTree = "<group>"; };
		D465CF8021F6025F0054A4B2 /* ViewController.swift */ = {isa = PBXFileReference; lastKnownFileType = sourcecode.swift; path = ViewController.swift; sourceTree = "<group>"; };
		D465CF8321F6025F0054A4B2 /* Base */ = {isa = PBXFileReference; lastKnownFileType = file.storyboard; name = Base; path = Base.lproj/Main.storyboard; sourceTree = "<group>"; };
		D465CF8521F602610054A4B2 /* Assets.xcassets */ = {isa = PBXFileReference; lastKnownFileType = folder.assetcatalog; path = Assets.xcassets; sourceTree = "<group>"; };
		D465CF8821F602610054A4B2 /* Base */ = {isa = PBXFileReference; lastKnownFileType = file.storyboard; name = Base; path = Base.lproj/LaunchScreen.storyboard; sourceTree = "<group>"; };
		D465CF8A21F602610054A4B2 /* Info.plist */ = {isa = PBXFileReference; lastKnownFileType = text.plist.xml; path = Info.plist; sourceTree = "<group>"; };
		D465CF8F21F602610054A4B2 /* PlayingCardsTests.xctest */ = {isa = PBXFileReference; explicitFileType = wrapper.cfbundle; includeInIndex = 0; path = PlayingCardsTests.xctest; sourceTree = BUILT_PRODUCTS_DIR; };
		D465CF9321F602610054A4B2 /* PlayingCardsTests.swift */ = {isa = PBXFileReference; lastKnownFileType = sourcecode.swift; path = PlayingCardsTests.swift; sourceTree = "<group>"; };
		D465CF9521F602610054A4B2 /* Info.plist */ = {isa = PBXFileReference; lastKnownFileType = text.plist.xml; path = Info.plist; sourceTree = "<group>"; };
		D465CF9A21F602610054A4B2 /* PlayingCardsUITests.xctest */ = {isa = PBXFileReference; explicitFileType = wrapper.cfbundle; includeInIndex = 0; path = PlayingCardsUITests.xctest; sourceTree = BUILT_PRODUCTS_DIR; };
		D465CF9E21F602610054A4B2 /* PlayingCardsUITests.swift */ = {isa = PBXFileReference; lastKnownFileType = sourcecode.swift; path = PlayingCardsUITests.swift; sourceTree = "<group>"; };
		D465CFA021F602610054A4B2 /* Info.plist */ = {isa = PBXFileReference; lastKnownFileType = text.plist.xml; path = Info.plist; sourceTree = "<group>"; };
/* End PBXFileReference section */

/* Begin PBXFrameworksBuildPhase section */
		D465CF7821F6025F0054A4B2 /* Frameworks */ = {
			isa = PBXFrameworksBuildPhase;
			buildActionMask = 2147483647;
			files = (
			);
			runOnlyForDeploymentPostprocessing = 0;
		};
		D465CF8C21F602610054A4B2 /* Frameworks */ = {
			isa = PBXFrameworksBuildPhase;
			buildActionMask = 2147483647;
			files = (
			);
			runOnlyForDeploymentPostprocessing = 0;
		};
		D465CF9721F602610054A4B2 /* Frameworks */ = {
			isa = PBXFrameworksBuildPhase;
			buildActionMask = 2147483647;
			files = (
			);
			runOnlyForDeploymentPostprocessing = 0;
		};
/* End PBXFrameworksBuildPhase section */

/* Begin PBXGroup section */
		D465CF7221F6025F0054A4B2 = {
			isa = PBXGroup;
			children = (
				D465CF7D21F6025F0054A4B2 /* PlayingCards */,
				D465CF9221F602610054A4B2 /* PlayingCardsTests */,
				D465CF9D21F602610054A4B2 /* PlayingCardsUITests */,
				D465CF7C21F6025F0054A4B2 /* Products */,
			);
			sourceTree = "<group>";
		};
		D465CF7C21F6025F0054A4B2 /* Products */ = {
			isa = PBXGroup;
			children = (
				D465CF7B21F6025F0054A4B2 /* PlayingCards.app */,
				D465CF8F21F602610054A4B2 /* PlayingCardsTests.xctest */,
				D465CF9A21F602610054A4B2 /* PlayingCardsUITests.xctest */,
			);
			name = Products;
			sourceTree = "<group>";
		};
		D465CF7D21F6025F0054A4B2 /* PlayingCards */ = {
			isa = PBXGroup;
			children = (
				D465CF7E21F6025F0054A4B2 /* AppDelegate.swift */,
				D465CF8021F6025F0054A4B2 /* ViewController.swift */,
				D465CF8221F6025F0054A4B2 /* Main.storyboard */,
				D465CF8521F602610054A4B2 /* Assets.xcassets */,
				D465CF8721F602610054A4B2 /* LaunchScreen.storyboard */,
				D465CF8A21F602610054A4B2 /* Info.plist */,
			);
			path = PlayingCards;
			sourceTree = "<group>";
		};
		D465CF9221F602610054A4B2 /* PlayingCardsTests */ = {
			isa = PBXGroup;
			children = (
				D465CF9321F602610054A4B2 /* PlayingCardsTests.swift */,
				D465CF9521F602610054A4B2 /* Info.plist */,
			);
			path = PlayingCardsTests;
			sourceTree = "<group>";
		};
		D465CF9D21F602610054A4B2 /* PlayingCardsUITests */ = {
			isa = PBXGroup;
			children = (
				D465CF9E21F602610054A4B2 /* PlayingCardsUITests.swift */,
				D465CFA021F602610054A4B2 /* Info.plist */,
			);
			path = PlayingCardsUITests;
			sourceTree = "<group>";
		};
/* End PBXGroup section */

/* Begin PBXNativeTarget section */
		D465CF7A21F6025F0054A4B2 /* PlayingCards */ = {
			isa = PBXNativeTarget;
			buildConfigurationList = D465CFA321F602610054A4B2 /* Build configuration list for PBXNativeTarget "PlayingCards" */;
			buildPhases = (
				D465CF7721F6025F0054A4B2 /* Sources */,
				D465CF7821F6025F0054A4B2 /* Frameworks */,
				D465CF7921F6025F0054A4B2 /* Resources */,
			);
			buildRules = (
			);
			dependencies = (
			);
			name = PlayingCards;
			productName = PlayingCards;
			productReference = D465CF7B21F6025F0054A4B2 /* PlayingCards.app */;
			productType = "com.apple.product-type.application";
		};
		D465CF8E21F602610054A4B2 /* PlayingCardsTests */ = {
			isa = PBXNativeTarget;
			buildConfigurationList = D465CFA621F602610054A4B2 /* Build configuration list for PBXNativeTarget "PlayingCardsTests" */;
			buildPhases = (
				D465CF8B21F602610054A4B2 /* Sources */,
				D465CF8C21F602610054A4B2 /* Frameworks */,
				D465CF8D21F602610054A4B2 /* Resources */,
			);
			buildRules = (
			);
			dependencies = (
				D465CF9121F602610054A4B2 /* PBXTargetDependency */,
			);
			name = PlayingCardsTests;
			productName = PlayingCardsTests;
			productReference = D465CF8F21F602610054A4B2 /* PlayingCardsTests.xctest */;
			productType = "com.apple.product-type.bundle.unit-test";
		};
		D465CF9921F602610054A4B2 /* PlayingCardsUITests */ = {
			isa = PBXNativeTarget;
			buildConfigurationList = D465CFA921F602610054A4B2 /* Build configuration list for PBXNativeTarget "PlayingCardsUITests" */;
			buildPhases = (
				D465CF9621F602610054A4B2 /* Sources */,
				D465CF9721F602610054A4B2 /* Frameworks */,
				D465CF9821F602610054A4B2 /* Resources */,
			);
			buildRules = (
			);
			dependencies = (
				D465CF9C21F602610054A4B2 /* PBXTargetDependency */,
			);
			name = PlayingCardsUITests;
			productName = PlayingCardsUITests;
			productReference = D465CF9A21F602610054A4B2 /* PlayingCardsUITests.xctest */;
			productType = "com.apple.product-type.bundle.ui-testing";
		};
/* End PBXNativeTarget section */

/* Begin PBXProject section */
		D465CF7321F6025F0054A4B2 /* Project object */ = {
			isa = PBXProject;
			attributes = {
				LastSwiftUpdateCheck = 0940;
				LastUpgradeCheck = 0940;
				ORGANIZATIONNAME = "Philip Adeyeye";
				TargetAttributes = {
					D465CF7A21F6025F0054A4B2 = {
						CreatedOnToolsVersion = 9.4.1;
					};
					D465CF8E21F602610054A4B2 = {
						CreatedOnToolsVersion = 9.4.1;
						TestTargetID = D465CF7A21F6025F0054A4B2;
					};
					D465CF9921F602610054A4B2 = {
						CreatedOnToolsVersion = 9.4.1;
						TestTargetID = D465CF7A21F6025F0054A4B2;
					};
				};
			};
			buildConfigurationList = D465CF7621F6025F0054A4B2 /* Build configuration list for PBXProject "PlayingCards" */;
			compatibilityVersion = "Xcode 9.3";
			developmentRegion = en;
			hasScannedForEncodings = 0;
			knownRegions = (
				en,
				Base,
			);
			mainGroup = D465CF7221F6025F0054A4B2;
			productRefGroup = D465CF7C21F6025F0054A4B2 /* Products */;
			projectDirPath = "";
			projectRoot = "";
			targets = (
				D465CF7A21F6025F0054A4B2 /* PlayingCards */,
				D465CF8E21F602610054A4B2 /* PlayingCardsTests */,
				D465CF9921F602610054A4B2 /* PlayingCardsUITests */,
			);
		};
/* End PBXProject section */

/* Begin PBXResourcesBuildPhase section */
		D465CF7921F6025F0054A4B2 /* Resources */ = {
			isa = PBXResourcesBuildPhase;
			buildActionMask = 2147483647;
			files = (
				D465CF8921F602610054A4B2 /* LaunchScreen.storyboard in Resources */,
				D465CF8621F602610054A4B2 /* Assets.xcassets in Resources */,
				D465CF8421F6025F0054A4B2 /* Main.storyboard in Resources */,
			);
			runOnlyForDeploymentPostprocessing = 0;
		};
		D465CF8D21F602610054A4B2 /* Resources */ = {
			isa = PBXResourcesBuildPhase;
			buildActionMask = 2147483647;
			files = (
			);
			runOnlyForDeploymentPostprocessing = 0;
		};
		D465CF9821F602610054A4B2 /* Resources */ = {
			isa = PBXResourcesBuildPhase;
			buildActionMask = 2147483647;
			files = (
			);
			runOnlyForDeploymentPostprocessing = 0;
		};
/* End PBXResourcesBuildPhase section */

/* Begin PBXSourcesBuildPhase section */
		D465CF7721F6025F0054A4B2 /* Sources */ = {
			isa = PBXSourcesBuildPhase;
			buildActionMask = 2147483647;
			files = (
				D465CF8121F6025F0054A4B2 /* ViewController.swift in Sources */,
				D465CF7F21F6025F0054A4B2 /* AppDelegate.swift in Sources */,
			);
			runOnlyForDeploymentPostprocessing = 0;
		};
		D465CF8B21F602610054A4B2 /* Sources */ = {
			isa = PBXSourcesBuildPhase;
			buildActionMask = 2147483647;
			files = (
				D465CF9421F602610054A4B2 /* PlayingCardsTests.swift in Sources */,
			);
			runOnlyForDeploymentPostprocessing = 0;
		};
		D465CF9621F602610054A4B2 /* Sources */ = {
			isa = PBXSourcesBuildPhase;
			buildActionMask = 2147483647;
			files = (
				D465CF9F21F602610054A4B2 /* PlayingCardsUITests.swift in Sources */,
			);
			runOnlyForDeploymentPostprocessing = 0;
		};
/* End PBXSourcesBuildPhase section */

/* Begin PBXTargetDependency section */
		D465CF9121F602610054A4B2 /* PBXTargetDependency */ = {
			isa = PBXTargetDependency;
			target = D465CF7A21F6025F0054A4B2 /* PlayingCards */;
			targetProxy = D465CF9021F602610054A4B2 /* PBXContainerItemProxy */;
		};
		D465CF9C21F602610054A4B2 /* PBXTargetDependency */ = {
			isa = PBXTargetDependency;
			target = D465CF7A21F6025F0054A4B2 /* PlayingCards */;
			targetProxy = D465CF9B21F602610054A4B2 /* PBXContainerItemProxy */;
		};
/* End PBXTargetDependency section */

/* Begin PBXVariantGroup section */
		D465CF8221F6025F0054A4B2 /* Main.storyboard */ = {
			isa = PBXVariantGroup;
			children = (
				D465CF8321F6025F0054A4B2 /* Base */,
			);
			name = Main.storyboard;
			sourceTree = "<group>";
		};
		D465CF8721F602610054A4B2 /* LaunchScreen.storyboard */ = {
			isa = PBXVariantGroup;
			children = (
				D465CF8821F602610054A4B2 /* Base */,
			);
			name = LaunchScreen.storyboard;
			sourceTree = "<group>";
		};
/* End PBXVariantGroup section */

/* Begin XCBuildConfiguration section */
		D465CFA121F602610054A4B2 /* Debug */ = {
			isa = XCBuildConfiguration;
			buildSettings = {
				ALWAYS_SEARCH_USER_PATHS = NO;
				CLANG_ANALYZER_NONNULL = YES;
				CLANG_ANALYZER_NUMBER_OBJECT_CONVERSION = YES_AGGRESSIVE;
				CLANG_CXX_LANGUAGE_STANDARD = "gnu++14";
				CLANG_CXX_LIBRARY = "libc++";
				CLANG_ENABLE_MODULES = YES;
				CLANG_ENABLE_OBJC_ARC = YES;
				CLANG_ENABLE_OBJC_WEAK = YES;
				CLANG_WARN_BLOCK_CAPTURE_AUTORELEASING = YES;
				CLANG_WARN_BOOL_CONVERSION = YES;
				CLANG_WARN_COMMA = YES;
				CLANG_WARN_CONSTANT_CONVERSION = YES;
				CLANG_WARN_DEPRECATED_OBJC_IMPLEMENTATIONS = YES;
				CLANG_WARN_DIRECT_OBJC_ISA_USAGE = YES_ERROR;
				CLANG_WARN_DOCUMENTATION_COMMENTS = YES;
				CLANG_WARN_EMPTY_BODY = YES;
				CLANG_WARN_ENUM_CONVERSION = YES;
				CLANG_WARN_INFINITE_RECURSION = YES;
				CLANG_WARN_INT_CONVERSION = YES;
				CLANG_WARN_NON_LITERAL_NULL_CONVERSION = YES;
				CLANG_WARN_OBJC_IMPLICIT_RETAIN_SELF = YES;
				CLANG_WARN_OBJC_LITERAL_CONVERSION = YES;
				CLANG_WARN_OBJC_ROOT_CLASS = YES_ERROR;
				CLANG_WARN_RANGE_LOOP_ANALYSIS = YES;
				CLANG_WARN_STRICT_PROTOTYPES = YES;
				CLANG_WARN_SUSPICIOUS_MOVE = YES;
				CLANG_WARN_UNGUARDED_AVAILABILITY = YES_AGGRESSIVE;
				CLANG_WARN_UNREACHABLE_CODE = YES;
				CLANG_WARN__DUPLICATE_METHOD_MATCH = YES;
				CODE_SIGN_IDENTITY = "iPhone Developer";
				COPY_PHASE_STRIP = NO;
				DEBUG_INFORMATION_FORMAT = dwarf;
				ENABLE_STRICT_OBJC_MSGSEND = YES;
				ENABLE_TESTABILITY = YES;
				GCC_C_LANGUAGE_STANDARD = gnu11;
				GCC_DYNAMIC_NO_PIC = NO;
				GCC_NO_COMMON_BLOCKS = YES;
				GCC_OPTIMIZATION_LEVEL = 0;
				GCC_PREPROCESSOR_DEFINITIONS = (
					"DEBUG=1",
					"$(inherited)",
				);
				GCC_WARN_64_TO_32_BIT_CONVERSION = YES;
				GCC_WARN_ABOUT_RETURN_TYPE = YES_ERROR;
				GCC_WARN_UNDECLARED_SELECTOR = YES;
				GCC_WARN_UNINITIALIZED_AUTOS = YES_AGGRESSIVE;
				GCC_WARN_UNUSED_FUNCTION = YES;
				GCC_WARN_UNUSED_VARIABLE = YES;
				IPHONEOS_DEPLOYMENT_TARGET = 11.4;
				MTL_ENABLE_DEBUG_INFO = YES;
				ONLY_ACTIVE_ARCH = YES;
				SDKROOT = iphoneos;
				SWIFT_ACTIVE_COMPILATION_CONDITIONS = DEBUG;
				SWIFT_OPTIMIZATION_LEVEL = "-Onone";
			};
			name = Debug;
		};
		D465CFA221F602610054A4B2 /* Release */ = {
			isa = XCBuildConfiguration;
			buildSettings = {
				ALWAYS_SEARCH_USER_PATHS = NO;
				CLANG_ANALYZER_NONNULL = YES;
				CLANG_ANALYZER_NUMBER_OBJECT_CONVERSION = YES_AGGRESSIVE;
				CLANG_CXX_LANGUAGE_STANDARD = "gnu++14";
				CLANG_CXX_LIBRARY = "libc++";
				CLANG_ENABLE_MODULES = YES;
				CLANG_ENABLE_OBJC_ARC = YES;
				CLANG_ENABLE_OBJC_WEAK = YES;
				CLANG_WARN_BLOCK_CAPTURE_AUTORELEASING = YES;
				CLANG_WARN_BOOL_CONVERSION = YES;
				CLANG_WARN_COMMA = YES;
				CLANG_WARN_CONSTANT_CONVERSION = YES;
				CLANG_WARN_DEPRECATED_OBJC_IMPLEMENTATIONS = YES;
				CLANG_WARN_DIRECT_OBJC_ISA_USAGE = YES_ERROR;
				CLANG_WARN_DOCUMENTATION_COMMENTS = YES;
				CLANG_WARN_EMPTY_BODY = YES;
				CLANG_WARN_ENUM_CONVERSION = YES;
				CLANG_WARN_INFINITE_RECURSION = YES;
				CLANG_WARN_INT_CONVERSION = YES;
				CLANG_WARN_NON_LITERAL_NULL_CONVERSION = YES;
				CLANG_WARN_OBJC_IMPLICIT_RETAIN_SELF = YES;
				CLANG_WARN_OBJC_LITERAL_CONVERSION = YES;
				CLANG_WARN_OBJC_ROOT_CLASS = YES_ERROR;
				CLANG_WARN_RANGE_LOOP_ANALYSIS = YES;
				CLANG_WARN_STRICT_PROTOTYPES = YES;
				CLANG_WARN_SUSPICIOUS_MOVE = YES;
				CLANG_WARN_UNGUARDED_AVAILABILITY = YES_AGGRESSIVE;
				CLANG_WARN_UNREACHABLE_CODE = YES;
				CLANG_WARN__DUPLICATE_METHOD_MATCH = YES;
				CODE_SIGN_IDENTITY = "iPhone Developer";
				COPY_PHASE_STRIP = NO;
				DEBUG_INFORMATION_FORMAT = "dwarf-with-dsym";
				ENABLE_NS_ASSERTIONS = NO;
				ENABLE_STRICT_OBJC_MSGSEND = YES;
				GCC_C_LANGUAGE_STANDARD = gnu11;
				GCC_NO_COMMON_BLOCKS = YES;
				GCC_WARN_64_TO_32_BIT_CONVERSION = YES;
				GCC_WARN_ABOUT_RETURN_TYPE = YES_ERROR;
				GCC_WARN_UNDECLARED_SELECTOR = YES;
				GCC_WARN_UNINITIALIZED_AUTOS = YES_AGGRESSIVE;
				GCC_WARN_UNUSED_FUNCTION = YES;
				GCC_WARN_UNUSED_VARIABLE = YES;
				IPHONEOS_DEPLOYMENT_TARGET = 11.4;
				MTL_ENABLE_DEBUG_INFO = NO;
				SDKROOT = iphoneos;
				SWIFT_COMPILATION_MODE = wholemodule;
				SWIFT_OPTIMIZATION_LEVEL = "-O";
				VALIDATE_PRODUCT = YES;
			};
			name = Release;
		};
		D465CFA421F602610054A4B2 /* Debug */ = {
			isa = XCBuildConfiguration;
			buildSettings = {
				ASSETCATALOG_COMPILER_APPICON_NAME = AppIcon;
				CODE_SIGN_STYLE = Automatic;
				INFOPLIST_FILE = PlayingCards/Info.plist;
				LD_RUNPATH_SEARCH_PATHS = (
					"$(inherited)",
					"@executable_path/Frameworks",
				);
				PRODUCT_BUNDLE_IDENTIFIER = techbloods.com.PlayingCards;
				PRODUCT_NAME = "$(TARGET_NAME)";
				SWIFT_VERSION = 4.0;
				TARGETED_DEVICE_FAMILY = "1,2";
			};
			name = Debug;
		};
		D465CFA521F602610054A4B2 /* Release */ = {
			isa = XCBuildConfiguration;
			buildSettings = {
				ASSETCATALOG_COMPILER_APPICON_NAME = AppIcon;
				CODE_SIGN_STYLE = Automatic;
				INFOPLIST_FILE = PlayingCards/Info.plist;
				LD_RUNPATH_SEARCH_PATHS = (
					"$(inherited)",
					"@executable_path/Frameworks",
				);
				PRODUCT_BUNDLE_IDENTIFIER = techbloods.com.PlayingCards;
				PRODUCT_NAME = "$(TARGET_NAME)";
				SWIFT_VERSION = 4.0;
				TARGETED_DEVICE_FAMILY = "1,2";
			};
			name = Release;
		};
		D465CFA721F602610054A4B2 /* Debug */ = {
			isa = XCBuildConfiguration;
			buildSettings = {
				ALWAYS_EMBED_SWIFT_STANDARD_LIBRARIES = YES;
				BUNDLE_LOADER = "$(TEST_HOST)";
				CODE_SIGN_STYLE = Automatic;
				INFOPLIST_FILE = PlayingCardsTests/Info.plist;
				LD_RUNPATH_SEARCH_PATHS = (
					"$(inherited)",
					"@executable_path/Frameworks",
					"@loader_path/Frameworks",
				);
				PRODUCT_BUNDLE_IDENTIFIER = techbloods.com.PlayingCardsTests;
				PRODUCT_NAME = "$(TARGET_NAME)";
				SWIFT_VERSION = 4.0;
				TARGETED_DEVICE_FAMILY = "1,2";
				TEST_HOST = "$(BUILT_PRODUCTS_DIR)/PlayingCards.app/PlayingCards";
			};
			name = Debug;
		};
		D465CFA821F602610054A4B2 /* Release */ = {
			isa = XCBuildConfiguration;
			buildSettings = {
				ALWAYS_EMBED_SWIFT_STANDARD_LIBRARIES = YES;
				BUNDLE_LOADER = "$(TEST_HOST)";
				CODE_SIGN_STYLE = Automatic;
				INFOPLIST_FILE = PlayingCardsTests/Info.plist;
				LD_RUNPATH_SEARCH_PATHS = (
					"$(inherited)",
					"@executable_path/Frameworks",
					"@loader_path/Frameworks",
				);
				PRODUCT_BUNDLE_IDENTIFIER = techbloods.com.PlayingCardsTests;
				PRODUCT_NAME = "$(TARGET_NAME)";
				SWIFT_VERSION = 4.0;
				TARGETED_DEVICE_FAMILY = "1,2";
				TEST_HOST = "$(BUILT_PRODUCTS_DIR)/PlayingCards.app/PlayingCards";
			};
			name = Release;
		};
		D465CFAA21F602610054A4B2 /* Debug */ = {
			isa = XCBuildConfiguration;
			buildSettings = {
				ALWAYS_EMBED_SWIFT_STANDARD_LIBRARIES = YES;
				CODE_SIGN_STYLE = Automatic;
				INFOPLIST_FILE = PlayingCardsUITests/Info.plist;
				LD_RUNPATH_SEARCH_PATHS = (
					"$(inherited)",
					"@executable_path/Frameworks",
					"@loader_path/Frameworks",
				);
				PRODUCT_BUNDLE_IDENTIFIER = techbloods.com.PlayingCardsUITests;
				PRODUCT_NAME = "$(TARGET_NAME)";
				SWIFT_VERSION = 4.0;
				TARGETED_DEVICE_FAMILY = "1,2";
				TEST_TARGET_NAME = PlayingCards;
			};
			name = Debug;
		};
		D465CFAB21F602610054A4B2 /* Release */ = {
			isa = XCBuildConfiguration;
			buildSettings = {
				ALWAYS_EMBED_SWIFT_STANDARD_LIBRARIES = YES;
				CODE_SIGN_STYLE = Automatic;
				INFOPLIST_FILE = PlayingCardsUITests/Info.plist;
				LD_RUNPATH_SEARCH_PATHS = (
					"$(inherited)",
					"@executable_path/Frameworks",
					"@loader_path/Frameworks",
				);
				PRODUCT_BUNDLE_IDENTIFIER = techbloods.com.PlayingCardsUITests;
				PRODUCT_NAME = "$(TARGET_NAME)";
				SWIFT_VERSION = 4.0;
				TARGETED_DEVICE_FAMILY = "1,2";
				TEST_TARGET_NAME = PlayingCards;
			};
			name = Release;
		};
/* End XCBuildConfiguration section */

/* Begin XCConfigurationList section */
		D465CF7621F6025F0054A4B2 /* Build configuration list for PBXProject "PlayingCards" */ = {
			isa = XCConfigurationList;
			buildConfigurations = (
				D465CFA121F602610054A4B2 /* Debug */,
				D465CFA221F602610054A4B2 /* Release */,
			);
			defaultConfigurationIsVisible = 0;
			defaultConfigurationName = Release;
		};
		D465CFA321F602610054A4B2 /* Build configuration list for PBXNativeTarget "PlayingCards" */ = {
			isa = XCConfigurationList;
			buildConfigurations = (
				D465CFA421F602610054A4B2 /* Debug */,
				D465CFA521F602610054A4B2 /* Release */,
			);
			defaultConfigurationIsVisible = 0;
			defaultConfigurationName = Release;
		};
		D465CFA621F602610054A4B2 /* Build configuration list for PBXNativeTarget "PlayingCardsTests" */ = {
			isa = XCConfigurationList;
			buildConfigurations = (
				D465CFA721F602610054A4B2 /* Debug */,
				D465CFA821F602610054A4B2 /* Release */,
			);
			defaultConfigurationIsVisible = 0;
			defaultConfigurationName = Release;
		};
		D465CFA921F602610054A4B2 /* Build configuration list for PBXNativeTarget "PlayingCardsUITests" */ = {
			isa = XCConfigurationList;
			buildConfigurations = (
				D465CFAA21F602610054A4B2 /* Debug */,
				D465CFAB21F602610054A4B2 /* Release */,
			);
			defaultConfigurationIsVisible = 0;
			defaultConfigurationName = Release;
		};
/* End XCConfigurationList section */
	};
	rootObject = D465CF7321F6025F0054A4B2 /* Project object */;
}
